{
  "nodes": {
    "nixpkgs": {
      "locked": {
        "lastModified": 1664017330,
        "narHash": "sha256-919WZKBTxFdTkzIK6uJXE7hwSPQb7e/ekybxxWaotR4=",
        "path": "/nix/store/n3vxzy6zhvc40y3ay2vg93m9k980mgi9-source",
        "rev": "fde244a8c7655bc28616864e2290ad9c95409c2c",
        "type": "path"
      },
      "original": {
        "id": "nixpkgs",
        "type": "indirect"
      }
    },
    "root": {
      "inputs": {
        "nixpkgs": "nixpkgs"
      }
    }
  },
  "root": "root",
  "version": 7
}
